
Microsoft Visual Studio Solution File, Format Version 12.00
# Visual Studio Version 17
VisualStudioVersion = 17.8.34525.116
MinimumVisualStudioVersion = 10.0.40219.1
Project("{9A19103F-16F7-4668-BE54-9A1E7A4F7556}") = "API", "API\API.csproj", "{6F7B6BC2-4A33-4349-8B08-3C31560D2A0D}"
EndProject
Project("{9A19103F-16F7-4668-BE54-9A1E7A4F7556}") = "Application", "Application\Application.csproj", "{0295EE7F-015E-4EC1-860A-386F785156D2}"
EndProject
Project("{9A19103F-16F7-4668-BE54-9A1E7A4F7556}") = "Domain", "Domain\Domain.csproj", "{6351A34E-A290-4B5B-966C-7562A33CA61B}"
EndProject
Project("{2150E333-8FDC-42A3-9474-1A3956D46DE8}") = "src", "src", "{DE3A812A-5C35-496D-B1F6-66F0B95253E7}"
EndProject
Project("{9A19103F-16F7-4668-BE54-9A1E7A4F7556}") = "Infrastructure", "Infrastructure\Infrastructure.csproj", "{694233F6-F08A-4CF6-B109-48E03FA818A5}"
EndProject
Project("{9A19103F-16F7-4668-BE54-9A1E7A4F7556}") = "Utilities", "Utilities\Utilities.csproj", "{361F9003-8FF1-4317-A015-8F1BD01F5E26}"
EndProject
Project("{2150E333-8FDC-42A3-9474-1A3956D46DE8}") = "Elementos de la solución", "Elementos de la solución", "{BFF536EC-BE84-4B0F-B3E0-92FDBD55168A}"
	ProjectSection(SolutionItems) = preProject
		.editorconfig = .editorconfig
	EndProjectSection
EndProject
Global
	GlobalSection(SolutionConfigurationPlatforms) = preSolution
		Debug|Any CPU = Debug|Any CPU
		Release|Any CPU = Release|Any CPU
	EndGlobalSection
	GlobalSection(ProjectConfigurationPlatforms) = postSolution
		{6F7B6BC2-4A33-4349-8B08-3C31560D2A0D}.Debug|Any CPU.ActiveCfg = Debug|Any CPU
		{6F7B6BC2-4A33-4349-8B08-3C31560D2A0D}.Debug|Any CPU.Build.0 = Debug|Any CPU
		{6F7B6BC2-4A33-4349-8B08-3C31560D2A0D}.Release|Any CPU.ActiveCfg = Release|Any CPU
		{6F7B6BC2-4A33-4349-8B08-3C31560D2A0D}.Release|Any CPU.Build.0 = Release|Any CPU
		{0295EE7F-015E-4EC1-860A-386F785156D2}.Debug|Any CPU.ActiveCfg = Debug|Any CPU
		{0295EE7F-015E-4EC1-860A-386F785156D2}.Debug|Any CPU.Build.0 = Debug|Any CPU
		{0295EE7F-015E-4EC1-860A-386F785156D2}.Release|Any CPU.ActiveCfg = Release|Any CPU
		{0295EE7F-015E-4EC1-860A-386F785156D2}.Release|Any CPU.Build.0 = Release|Any CPU
		{6351A34E-A290-4B5B-966C-7562A33CA61B}.Debug|Any CPU.ActiveCfg = Debug|Any CPU
		{6351A34E-A290-4B5B-966C-7562A33CA61B}.Debug|Any CPU.Build.0 = Debug|Any CPU
		{6351A34E-A290-4B5B-966C-7562A33CA61B}.Release|Any CPU.ActiveCfg = Release|Any CPU
		{6351A34E-A290-4B5B-966C-7562A33CA61B}.Release|Any CPU.Build.0 = Release|Any CPU
		{694233F6-F08A-4CF6-B109-48E03FA818A5}.Debug|Any CPU.ActiveCfg = Debug|Any CPU
		{694233F6-F08A-4CF6-B109-48E03FA818A5}.Debug|Any CPU.Build.0 = Debug|Any CPU
		{694233F6-F08A-4CF6-B109-48E03FA818A5}.Release|Any CPU.ActiveCfg = Release|Any CPU
		{694233F6-F08A-4CF6-B109-48E03FA818A5}.Release|Any CPU.Build.0 = Release|Any CPU
		{361F9003-8FF1-4317-A015-8F1BD01F5E26}.Debug|Any CPU.ActiveCfg = Debug|Any CPU
		{361F9003-8FF1-4317-A015-8F1BD01F5E26}.Debug|Any CPU.Build.0 = Debug|Any CPU
		{361F9003-8FF1-4317-A015-8F1BD01F5E26}.Release|Any CPU.ActiveCfg = Release|Any CPU
		{361F9003-8FF1-4317-A015-8F1BD01F5E26}.Release|Any CPU.Build.0 = Release|Any CPU
	EndGlobalSection
	GlobalSection(SolutionProperties) = preSolution
		HideSolutionNode = FALSE
	EndGlobalSection
	GlobalSection(NestedProjects) = preSolution
		{6F7B6BC2-4A33-4349-8B08-3C31560D2A0D} = {DE3A812A-5C35-496D-B1F6-66F0B95253E7}
		{0295EE7F-015E-4EC1-860A-386F785156D2} = {DE3A812A-5C35-496D-B1F6-66F0B95253E7}
		{6351A34E-A290-4B5B-966C-7562A33CA61B} = {DE3A812A-5C35-496D-B1F6-66F0B95253E7}
		{694233F6-F08A-4CF6-B109-48E03FA818A5} = {DE3A812A-5C35-496D-B1F6-66F0B95253E7}
		{361F9003-8FF1-4317-A015-8F1BD01F5E26} = {DE3A812A-5C35-496D-B1F6-66F0B95253E7}
	EndGlobalSection
	GlobalSection(ExtensibilityGlobals) = postSolution
		SolutionGuid = {1218ED63-8FE5-4552-84FE-5F0CE050BE63}
	EndGlobalSection
EndGlobal
